
Microsoft Visual Studio Solution File, Format Version 12.00
# Visual Studio Version 17
VisualStudioVersion = 17.0.31903.59
MinimumVisualStudioVersion = 10.0.40219.1
Project("{FAE04EC0-301F-11D3-BF4B-00C04F79EFBC}") = "Beans", "Beans\Beans.csproj", "{0203E632-6DD4-4B44-A99F-B1EBC922C1FA}"
EndProject
Project("{FAE04EC0-301F-11D3-BF4B-00C04F79EFBC}") = "Beans.CLI", "Beans.CLI\Beans.CLI.csproj", "{7563F93E-370F-4169-8E18-F4B915328E25}"
EndProject
Project("{FAE04EC0-301F-11D3-BF4B-00C04F79EFBC}") = "Beans.Core", "Beans.Core\Beans.Core.csproj", "{9BBE2FE4-BC53-45D6-80CA-F424F2E7E587}"
EndProject
Project("{FAE04EC0-301F-11D3-BF4B-00C04F79EFBC}") = "Beans.UI", "Beans.UI\Beans.UI.csproj", "{F11BBCE3-13A6-46B4-9B52-FDDC1E78A73D}"
EndProject
Project("{FAE04EC0-301F-11D3-BF4B-00C04F79EFBC}") = "Beans.UI.Desktop", "Beans.UI.Desktop\Beans.UI.Desktop.csproj", "{C90278B1-4077-4133-9C23-80A151A0BA7E}"
EndProject
Project("{2150E333-8FDC-42A3-9474-1A3956D46DE8}") = "build", "build", "{43CE59DA-6460-4DD8-9B44-BF7F595BD924}"
	ProjectSection(SolutionItems) = preProject
		Directory.Build.props = Directory.Build.props
		global.json = global.json
		.gitignore = .gitignore
		.editorconfig = .editorconfig
	EndProjectSection
EndProject
Global
	GlobalSection(SolutionConfigurationPlatforms) = preSolution
		Debug|Any CPU = Debug|Any CPU
		Release|Any CPU = Release|Any CPU
	EndGlobalSection
	GlobalSection(SolutionProperties) = preSolution
		HideSolutionNode = FALSE
	EndGlobalSection
	GlobalSection(ProjectConfigurationPlatforms) = postSolution
		{0203E632-6DD4-4B44-A99F-B1EBC922C1FA}.Debug|Any CPU.ActiveCfg = Debug|Any CPU
		{0203E632-6DD4-4B44-A99F-B1EBC922C1FA}.Debug|Any CPU.Build.0 = Debug|Any CPU
		{0203E632-6DD4-4B44-A99F-B1EBC922C1FA}.Release|Any CPU.ActiveCfg = Release|Any CPU
		{0203E632-6DD4-4B44-A99F-B1EBC922C1FA}.Release|Any CPU.Build.0 = Release|Any CPU
		{7563F93E-370F-4169-8E18-F4B915328E25}.Debug|Any CPU.ActiveCfg = Debug|Any CPU
		{7563F93E-370F-4169-8E18-F4B915328E25}.Debug|Any CPU.Build.0 = Debug|Any CPU
		{7563F93E-370F-4169-8E18-F4B915328E25}.Release|Any CPU.ActiveCfg = Release|Any CPU
		{7563F93E-370F-4169-8E18-F4B915328E25}.Release|Any CPU.Build.0 = Release|Any CPU
		{9BBE2FE4-BC53-45D6-80CA-F424F2E7E587}.Debug|Any CPU.ActiveCfg = Debug|Any CPU
		{9BBE2FE4-BC53-45D6-80CA-F424F2E7E587}.Debug|Any CPU.Build.0 = Debug|Any CPU
		{9BBE2FE4-BC53-45D6-80CA-F424F2E7E587}.Release|Any CPU.ActiveCfg = Release|Any CPU
		{9BBE2FE4-BC53-45D6-80CA-F424F2E7E587}.Release|Any CPU.Build.0 = Release|Any CPU
		{F11BBCE3-13A6-46B4-9B52-FDDC1E78A73D}.Debug|Any CPU.ActiveCfg = Debug|Any CPU
		{F11BBCE3-13A6-46B4-9B52-FDDC1E78A73D}.Debug|Any CPU.Build.0 = Debug|Any CPU
		{F11BBCE3-13A6-46B4-9B52-FDDC1E78A73D}.Release|Any CPU.ActiveCfg = Release|Any CPU
		{F11BBCE3-13A6-46B4-9B52-FDDC1E78A73D}.Release|Any CPU.Build.0 = Release|Any CPU
		{C90278B1-4077-4133-9C23-80A151A0BA7E}.Debug|Any CPU.ActiveCfg = Debug|Any CPU
		{C90278B1-4077-4133-9C23-80A151A0BA7E}.Debug|Any CPU.Build.0 = Debug|Any CPU
		{C90278B1-4077-4133-9C23-80A151A0BA7E}.Release|Any CPU.ActiveCfg = Release|Any CPU
		{C90278B1-4077-4133-9C23-80A151A0BA7E}.Release|Any CPU.Build.0 = Release|Any CPU
	EndGlobalSection
EndGlobal
